// !$*UTF8*$!
{
	archiveVersion = 1;
	classes = {
	};
	objectVersion = 55;
	objects = {

/* Begin PBXBuildFile section */
		D883012628618394009865C7 /* InnovativeCreativeApp.swift in Sources */ = {isa = PBXBuildFile; fileRef = D883012528618394009865C7 /* InnovativeCreativeApp.swift */; };
		D883012828618394009865C7 /* ContentView.swift in Sources */ = {isa = PBXBuildFile; fileRef = D883012728618394009865C7 /* ContentView.swift */; };
		D883012A2861839D009865C7 /* Assets.xcassets in Resources */ = {isa = PBXBuildFile; fileRef = D88301292861839D009865C7 /* Assets.xcassets */; };
		E146890B2861F78D00F371A2 /* ImageClassifier.swift in Sources */ = {isa = PBXBuildFile; fileRef = E146890A2861F78C00F371A2 /* ImageClassifier.swift */; };
		E146890D2861F7AE00F371A2 /* Classifier.swift in Sources */ = {isa = PBXBuildFile; fileRef = E146890C2861F7AE00F371A2 /* Classifier.swift */; };
		E14689182862106600F371A2 /* MobileNetV2.mlmodel in Sources */ = {isa = PBXBuildFile; fileRef = E14689172862106600F371A2 /* MobileNetV2.mlmodel */; };
		E146891D28621C0500F371A2 /* ImagePicker.swift in Sources */ = {isa = PBXBuildFile; fileRef = E146891C28621C0500F371A2 /* ImagePicker.swift */; };
		E30DB8F12861A06E001175E1 /* ActivityView.swift in Sources */ = {isa = PBXBuildFile; fileRef = E30DB8F02861A06D001175E1 /* ActivityView.swift */; };
		E30DB8F32861A155001175E1 /* RecycleView.swift in Sources */ = {isa = PBXBuildFile; fileRef = E30DB8F22861A155001175E1 /* RecycleView.swift */; };
		E30DB8F52861A22F001175E1 /* HistoryView.swift in Sources */ = {isa = PBXBuildFile; fileRef = E30DB8F42861A22F001175E1 /* HistoryView.swift */; };
		E30DB8F82861D0C5001175E1 /* User.swift in Sources */ = {isa = PBXBuildFile; fileRef = E30DB8F72861D0C5001175E1 /* User.swift */; };
		E30DB8FA2861EC38001175E1 /* FetchUserData.swift in Sources */ = {isa = PBXBuildFile; fileRef = E30DB8F92861EC38001175E1 /* FetchUserData.swift */; };
/* End PBXBuildFile section */

/* Begin PBXFileReference section */
		D883012228618394009865C7 /* InnovativeCreative.app */ = {isa = PBXFileReference; explicitFileType = wrapper.application; includeInIndex = 0; path = InnovativeCreative.app; sourceTree = BUILT_PRODUCTS_DIR; };
		D883012528618394009865C7 /* InnovativeCreativeApp.swift */ = {isa = PBXFileReference; lastKnownFileType = sourcecode.swift; path = InnovativeCreativeApp.swift; sourceTree = "<group>"; };
		D883012728618394009865C7 /* ContentView.swift */ = {isa = PBXFileReference; lastKnownFileType = sourcecode.swift; path = ContentView.swift; sourceTree = "<group>"; };
		D88301292861839D009865C7 /* Assets.xcassets */ = {isa = PBXFileReference; lastKnownFileType = folder.assetcatalog; path = Assets.xcassets; sourceTree = "<group>"; };
		D883012C2861839D009865C7 /* Preview Assets.xcassets */ = {isa = PBXFileReference; lastKnownFileType = folder.assetcatalog; path = "Preview Assets.xcassets"; sourceTree = "<group>"; };
		E146890A2861F78C00F371A2 /* ImageClassifier.swift */ = {isa = PBXFileReference; lastKnownFileType = sourcecode.swift; path = ImageClassifier.swift; sourceTree = "<group>"; };
		E146890C2861F7AE00F371A2 /* Classifier.swift */ = {isa = PBXFileReference; lastKnownFileType = sourcecode.swift; path = Classifier.swift; sourceTree = "<group>"; };
		E14689172862106600F371A2 /* MobileNetV2.mlmodel */ = {isa = PBXFileReference; lastKnownFileType = file.mlmodel; name = MobileNetV2.mlmodel; path = InnovativeCreative/Models/MobileNetV2.mlmodel; sourceTree = SOURCE_ROOT; };
		E146891B2862196E00F371A2 /* Info.plist */ = {isa = PBXFileReference; lastKnownFileType = text.plist; path = Info.plist; sourceTree = "<group>"; };
		E146891C28621C0500F371A2 /* ImagePicker.swift */ = {isa = PBXFileReference; lastKnownFileType = sourcecode.swift; path = ImagePicker.swift; sourceTree = "<group>"; };
		E30DB8F02861A06D001175E1 /* ActivityView.swift */ = {isa = PBXFileReference; lastKnownFileType = sourcecode.swift; path = ActivityView.swift; sourceTree = "<group>"; };
		E30DB8F22861A155001175E1 /* RecycleView.swift */ = {isa = PBXFileReference; lastKnownFileType = sourcecode.swift; path = RecycleView.swift; sourceTree = "<group>"; };
		E30DB8F42861A22F001175E1 /* HistoryView.swift */ = {isa = PBXFileReference; lastKnownFileType = sourcecode.swift; path = HistoryView.swift; sourceTree = "<group>"; };
		E30DB8F72861D0C5001175E1 /* User.swift */ = {isa = PBXFileReference; lastKnownFileType = sourcecode.swift; path = User.swift; sourceTree = "<group>"; };
		E30DB8F92861EC38001175E1 /* FetchUserData.swift */ = {isa = PBXFileReference; lastKnownFileType = sourcecode.swift; path = FetchUserData.swift; sourceTree = "<group>"; };
/* End PBXFileReference section */

/* Begin PBXFrameworksBuildPhase section */
		D883011F28618394009865C7 /* Frameworks */ = {
			isa = PBXFrameworksBuildPhase;
			buildActionMask = 2147483647;
			files = (
			);
			runOnlyForDeploymentPostprocessing = 0;
		};
/* End PBXFrameworksBuildPhase section */

/* Begin PBXGroup section */
		D883011928618394009865C7 = {
			isa = PBXGroup;
			children = (
				D883012428618394009865C7 /* InnovativeCreative */,
				D883012328618394009865C7 /* Products */,
			);
			sourceTree = "<group>";
		};
		D883012328618394009865C7 /* Products */ = {
			isa = PBXGroup;
			children = (
				D883012228618394009865C7 /* InnovativeCreative.app */,
			);
			name = Products;
			sourceTree = "<group>";
		};
		D883012428618394009865C7 /* InnovativeCreative */ = {
			isa = PBXGroup;
			children = (
				E146891B2862196E00F371A2 /* Info.plist */,
				E30DB8F62861CF7D001175E1 /* Model */,
				D883012528618394009865C7 /* InnovativeCreativeApp.swift */,
				E146891C28621C0500F371A2 /* ImagePicker.swift */,
				D883012728618394009865C7 /* ContentView.swift */,
				E30DB8F02861A06D001175E1 /* ActivityView.swift */,
				E30DB8F22861A155001175E1 /* RecycleView.swift */,
				E30DB8F42861A22F001175E1 /* HistoryView.swift */,
				E30DB8F92861EC38001175E1 /* FetchUserData.swift */,
				D88301292861839D009865C7 /* Assets.xcassets */,
				D883012B2861839D009865C7 /* Preview Content */,
			);
			path = InnovativeCreative;
			sourceTree = "<group>";
		};
		D883012B2861839D009865C7 /* Preview Content */ = {
			isa = PBXGroup;
			children = (
				E146890C2861F7AE00F371A2 /* Classifier.swift */,
				E146890A2861F78C00F371A2 /* ImageClassifier.swift */,
				D883012C2861839D009865C7 /* Preview Assets.xcassets */,
				E14689172862106600F371A2 /* MobileNetV2.mlmodel */,
			);
			path = "Preview Content";
			sourceTree = "<group>";
		};
		E30DB8F62861CF7D001175E1 /* Model */ = {
			isa = PBXGroup;
			children = (
				E30DB8F72861D0C5001175E1 /* User.swift */,
			);
			path = Model;
			sourceTree = "<group>";
		};
/* End PBXGroup section */

/* Begin PBXNativeTarget section */
		D883012128618394009865C7 /* InnovativeCreative */ = {
			isa = PBXNativeTarget;
			buildConfigurationList = D88301302861839D009865C7 /* Build configuration list for PBXNativeTarget "InnovativeCreative" */;
			buildPhases = (
				D883011E28618394009865C7 /* Sources */,
				D883011F28618394009865C7 /* Frameworks */,
				D883012028618394009865C7 /* Resources */,
			);
			buildRules = (
			);
			dependencies = (
			);
			name = InnovativeCreative;
			productName = InnovativeCreative;
			productReference = D883012228618394009865C7 /* InnovativeCreative.app */;
			productType = "com.apple.product-type.application";
		};
/* End PBXNativeTarget section */

/* Begin PBXProject section */
		D883011A28618394009865C7 /* Project object */ = {
			isa = PBXProject;
			attributes = {
				BuildIndependentTargetsInParallel = 1;
				LastSwiftUpdateCheck = 1340;
				LastUpgradeCheck = 1340;
				TargetAttributes = {
					D883012128618394009865C7 = {
						CreatedOnToolsVersion = 13.4.1;
					};
				};
			};
			buildConfigurationList = D883011D28618394009865C7 /* Build configuration list for PBXProject "InnovativeCreative" */;
			compatibilityVersion = "Xcode 13.0";
			developmentRegion = en;
			hasScannedForEncodings = 0;
			knownRegions = (
				en,
				Base,
			);
			mainGroup = D883011928618394009865C7;
			productRefGroup = D883012328618394009865C7 /* Products */;
			projectDirPath = "";
			projectRoot = "";
			targets = (
				D883012128618394009865C7 /* InnovativeCreative */,
			);
		};
/* End PBXProject section */

/* Begin PBXResourcesBuildPhase section */
		D883012028618394009865C7 /* Resources */ = {
			isa = PBXResourcesBuildPhase;
			buildActionMask = 2147483647;
			files = (
				D883012A2861839D009865C7 /* Assets.xcassets in Resources */,
			);
			runOnlyForDeploymentPostprocessing = 0;
		};
/* End PBXResourcesBuildPhase section */

/* Begin PBXSourcesBuildPhase section */
		D883011E28618394009865C7 /* Sources */ = {
			isa = PBXSourcesBuildPhase;
			buildActionMask = 2147483647;
			files = (
				E146890B2861F78D00F371A2 /* ImageClassifier.swift in Sources */,
				E146890D2861F7AE00F371A2 /* Classifier.swift in Sources */,
				D883012828618394009865C7 /* ContentView.swift in Sources */,
				D883012628618394009865C7 /* InnovativeCreativeApp.swift in Sources */,
				E30DB8F82861D0C5001175E1 /* User.swift in Sources */,
				E30DB8F52861A22F001175E1 /* HistoryView.swift in Sources */,
				E30DB8FA2861EC38001175E1 /* FetchUserData.swift in Sources */,
				E146891D28621C0500F371A2 /* ImagePicker.swift in Sources */,
				E30DB8F32861A155001175E1 /* RecycleView.swift in Sources */,
				E14689182862106600F371A2 /* MobileNetV2.mlmodel in Sources */,
				E30DB8F12861A06E001175E1 /* ActivityView.swift in Sources */,
			);
			runOnlyForDeploymentPostprocessing = 0;
		};
/* End PBXSourcesBuildPhase section */

/* Begin XCBuildConfiguration section */
		D883012E2861839D009865C7 /* Debug */ = {
			isa = XCBuildConfiguration;
			buildSettings = {
				ALWAYS_SEARCH_USER_PATHS = NO;
				CLANG_ANALYZER_NONNULL = YES;
				CLANG_ANALYZER_NUMBER_OBJECT_CONVERSION = YES_AGGRESSIVE;
				CLANG_CXX_LANGUAGE_STANDARD = "gnu++17";
				CLANG_ENABLE_MODULES = YES;
				CLANG_ENABLE_OBJC_ARC = YES;
				CLANG_ENABLE_OBJC_WEAK = YES;
				CLANG_WARN_BLOCK_CAPTURE_AUTORELEASING = YES;
				CLANG_WARN_BOOL_CONVERSION = YES;
				CLANG_WARN_COMMA = YES;
				CLANG_WARN_CONSTANT_CONVERSION = YES;
				CLANG_WARN_DEPRECATED_OBJC_IMPLEMENTATIONS = YES;
				CLANG_WARN_DIRECT_OBJC_ISA_USAGE = YES_ERROR;
				CLANG_WARN_DOCUMENTATION_COMMENTS = YES;
				CLANG_WARN_EMPTY_BODY = YES;
				CLANG_WARN_ENUM_CONVERSION = YES;
				CLANG_WARN_INFINITE_RECURSION = YES;
				CLANG_WARN_INT_CONVERSION = YES;
				CLANG_WARN_NON_LITERAL_NULL_CONVERSION = YES;
				CLANG_WARN_OBJC_IMPLICIT_RETAIN_SELF = YES;
				CLANG_WARN_OBJC_LITERAL_CONVERSION = YES;
				CLANG_WARN_OBJC_ROOT_CLASS = YES_ERROR;
				CLANG_WARN_QUOTED_INCLUDE_IN_FRAMEWORK_HEADER = YES;
				CLANG_WARN_RANGE_LOOP_ANALYSIS = YES;
				CLANG_WARN_STRICT_PROTOTYPES = YES;
				CLANG_WARN_SUSPICIOUS_MOVE = YES;
				CLANG_WARN_UNGUARDED_AVAILABILITY = YES_AGGRESSIVE;
				CLANG_WARN_UNREACHABLE_CODE = YES;
				CLANG_WARN__DUPLICATE_METHOD_MATCH = YES;
				COPY_PHASE_STRIP = NO;
				DEBUG_INFORMATION_FORMAT = dwarf;
				ENABLE_STRICT_OBJC_MSGSEND = YES;
				ENABLE_TESTABILITY = YES;
				GCC_C_LANGUAGE_STANDARD = gnu11;
				GCC_DYNAMIC_NO_PIC = NO;
				GCC_NO_COMMON_BLOCKS = YES;
				GCC_OPTIMIZATION_LEVEL = 0;
				GCC_PREPROCESSOR_DEFINITIONS = (
					"DEBUG=1",
					"$(inherited)",
				);
				GCC_WARN_64_TO_32_BIT_CONVERSION = YES;
				GCC_WARN_ABOUT_RETURN_TYPE = YES_ERROR;
				GCC_WARN_UNDECLARED_SELECTOR = YES;
				GCC_WARN_UNINITIALIZED_AUTOS = YES_AGGRESSIVE;
				GCC_WARN_UNUSED_FUNCTION = YES;
				GCC_WARN_UNUSED_VARIABLE = YES;
				INFOPLIST_KEY_NSHumanReadableCopyright = "";
				IPHONEOS_DEPLOYMENT_TARGET = 15.5;
				MTL_ENABLE_DEBUG_INFO = INCLUDE_SOURCE;
				MTL_FAST_MATH = YES;
				ONLY_ACTIVE_ARCH = YES;
				SDKROOT = iphoneos;
				SWIFT_ACTIVE_COMPILATION_CONDITIONS = DEBUG;
				SWIFT_OPTIMIZATION_LEVEL = "-Onone";
			};
			name = Debug;
		};
		D883012F2861839D009865C7 /* Release */ = {
			isa = XCBuildConfiguration;
			buildSettings = {
				ALWAYS_SEARCH_USER_PATHS = NO;
				CLANG_ANALYZER_NONNULL = YES;
				CLANG_ANALYZER_NUMBER_OBJECT_CONVERSION = YES_AGGRESSIVE;
				CLANG_CXX_LANGUAGE_STANDARD = "gnu++17";
				CLANG_ENABLE_MODULES = YES;
				CLANG_ENABLE_OBJC_ARC = YES;
				CLANG_ENABLE_OBJC_WEAK = YES;
				CLANG_WARN_BLOCK_CAPTURE_AUTORELEASING = YES;
				CLANG_WARN_BOOL_CONVERSION = YES;
				CLANG_WARN_COMMA = YES;
				CLANG_WARN_CONSTANT_CONVERSION = YES;
				CLANG_WARN_DEPRECATED_OBJC_IMPLEMENTATIONS = YES;
				CLANG_WARN_DIRECT_OBJC_ISA_USAGE = YES_ERROR;
				CLANG_WARN_DOCUMENTATION_COMMENTS = YES;
				CLANG_WARN_EMPTY_BODY = YES;
				CLANG_WARN_ENUM_CONVERSION = YES;
				CLANG_WARN_INFINITE_RECURSION = YES;
				CLANG_WARN_INT_CONVERSION = YES;
				CLANG_WARN_NON_LITERAL_NULL_CONVERSION = YES;
				CLANG_WARN_OBJC_IMPLICIT_RETAIN_SELF = YES;
				CLANG_WARN_OBJC_LITERAL_CONVERSION = YES;
				CLANG_WARN_OBJC_ROOT_CLASS = YES_ERROR;
				CLANG_WARN_QUOTED_INCLUDE_IN_FRAMEWORK_HEADER = YES;
				CLANG_WARN_RANGE_LOOP_ANALYSIS = YES;
				CLANG_WARN_STRICT_PROTOTYPES = YES;
				CLANG_WARN_SUSPICIOUS_MOVE = YES;
				CLANG_WARN_UNGUARDED_AVAILABILITY = YES_AGGRESSIVE;
				CLANG_WARN_UNREACHABLE_CODE = YES;
				CLANG_WARN__DUPLICATE_METHOD_MATCH = YES;
				COPY_PHASE_STRIP = NO;
				DEBUG_INFORMATION_FORMAT = "dwarf-with-dsym";
				ENABLE_NS_ASSERTIONS = NO;
				ENABLE_STRICT_OBJC_MSGSEND = YES;
				GCC_C_LANGUAGE_STANDARD = gnu11;
				GCC_NO_COMMON_BLOCKS = YES;
				GCC_WARN_64_TO_32_BIT_CONVERSION = YES;
				GCC_WARN_ABOUT_RETURN_TYPE = YES_ERROR;
				GCC_WARN_UNDECLARED_SELECTOR = YES;
				GCC_WARN_UNINITIALIZED_AUTOS = YES_AGGRESSIVE;
				GCC_WARN_UNUSED_FUNCTION = YES;
				GCC_WARN_UNUSED_VARIABLE = YES;
				INFOPLIST_KEY_NSHumanReadableCopyright = "";
				IPHONEOS_DEPLOYMENT_TARGET = 15.5;
				MTL_ENABLE_DEBUG_INFO = NO;
				MTL_FAST_MATH = YES;
				SDKROOT = iphoneos;
				SWIFT_COMPILATION_MODE = wholemodule;
				SWIFT_OPTIMIZATION_LEVEL = "-O";
				VALIDATE_PRODUCT = YES;
			};
			name = Release;
		};
		D88301312861839D009865C7 /* Debug */ = {
			isa = XCBuildConfiguration;
			buildSettings = {
				ASSETCATALOG_COMPILER_APPICON_NAME = AppIcon;
				ASSETCATALOG_COMPILER_GLOBAL_ACCENT_COLOR_NAME = AccentColor;
				CODE_SIGN_STYLE = Automatic;
				CURRENT_PROJECT_VERSION = 1;
				DEVELOPMENT_ASSET_PATHS = "\"InnovativeCreative/Preview Content\"";
				DEVELOPMENT_TEAM = UJ8HUKKQT3;
				ENABLE_PREVIEWS = YES;
				GENERATE_INFOPLIST_FILE = YES;
				INFOPLIST_FILE = InnovativeCreative/Info.plist;
				INFOPLIST_KEY_NSCameraUsageDescription = "Use Camera functionality to identify recyclable items";
				INFOPLIST_KEY_NSHumanReadableCopyright = "";
				INFOPLIST_KEY_UIApplicationSceneManifest_Generation = YES;
				INFOPLIST_KEY_UIApplicationSupportsIndirectInputEvents = YES;
				INFOPLIST_KEY_UILaunchScreen_Generation = YES;
				INFOPLIST_KEY_UISupportedInterfaceOrientations_iPad = "UIInterfaceOrientationPortrait UIInterfaceOrientationPortraitUpsideDown UIInterfaceOrientationLandscapeLeft UIInterfaceOrientationLandscapeRight";
				INFOPLIST_KEY_UISupportedInterfaceOrientations_iPhone = "UIInterfaceOrientationPortrait UIInterfaceOrientationLandscapeLeft UIInterfaceOrientationLandscapeRight";
				LD_RUNPATH_SEARCH_PATHS = (
					"$(inherited)",
					"@executable_path/Frameworks",
				);
				MARKETING_VERSION = 1.0;
				PRODUCT_BUNDLE_IDENTIFIER = au.edu.uts.InnovativeCreative1;
				PRODUCT_NAME = "$(TARGET_NAME)";
				SWIFT_EMIT_LOC_STRINGS = YES;
				SWIFT_VERSION = 5.0;
				TARGETED_DEVICE_FAMILY = "1,2";
			};
			name = Debug;
		};
		D88301322861839D009865C7 /* Release */ = {
			isa = XCBuildConfiguration;
			buildSettings = {
				ASSETCATALOG_COMPILER_APPICON_NAME = AppIcon;
				ASSETCATALOG_COMPILER_GLOBAL_ACCENT_COLOR_NAME = AccentColor;
				CODE_SIGN_STYLE = Automatic;
				CURRENT_PROJECT_VERSION = 1;
				DEVELOPMENT_ASSET_PATHS = "\"InnovativeCreative/Preview Content\"";
				DEVELOPMENT_TEAM = UJ8HUKKQT3;
				ENABLE_PREVIEWS = YES;
				GENERATE_INFOPLIST_FILE = YES;
				INFOPLIST_FILE = InnovativeCreative/Info.plist;
				INFOPLIST_KEY_NSCameraUsageDescription = "Use Camera functionality to identify recyclable items";
				INFOPLIST_KEY_NSHumanReadableCopyright = "";
				INFOPLIST_KEY_UIApplicationSceneManifest_Generation = YES;
				INFOPLIST_KEY_UIApplicationSupportsIndirectInputEvents = YES;
				INFOPLIST_KEY_UILaunchScreen_Generation = YES;
				INFOPLIST_KEY_UISupportedInterfaceOrientations_iPad = "UIInterfaceOrientationPortrait UIInterfaceOrientationPortraitUpsideDown UIInterfaceOrientationLandscapeLeft UIInterfaceOrientationLandscapeRight";
				INFOPLIST_KEY_UISupportedInterfaceOrientations_iPhone = "UIInterfaceOrientationPortrait UIInterfaceOrientationLandscapeLeft UIInterfaceOrientationLandscapeRight";
				LD_RUNPATH_SEARCH_PATHS = (
					"$(inherited)",
					"@executable_path/Frameworks",
				);
				MARKETING_VERSION = 1.0;
				PRODUCT_BUNDLE_IDENTIFIER = au.edu.uts.InnovativeCreative1;
				PRODUCT_NAME = "$(TARGET_NAME)";
				SWIFT_EMIT_LOC_STRINGS = YES;
				SWIFT_VERSION = 5.0;
				TARGETED_DEVICE_FAMILY = "1,2";
			};
			name = Release;
		};
/* End XCBuildConfiguration section */

/* Begin XCConfigurationList section */
		D883011D28618394009865C7 /* Build configuration list for PBXProject "InnovativeCreative" */ = {
			isa = XCConfigurationList;
			buildConfigurations = (
				D883012E2861839D009865C7 /* Debug */,
				D883012F2861839D009865C7 /* Release */,
			);
			defaultConfigurationIsVisible = 0;
			defaultConfigurationName = Release;
		};
		D88301302861839D009865C7 /* Build configuration list for PBXNativeTarget "InnovativeCreative" */ = {
			isa = XCConfigurationList;
			buildConfigurations = (
				D88301312861839D009865C7 /* Debug */,
				D88301322861839D009865C7 /* Release */,
			);
			defaultConfigurationIsVisible = 0;
			defaultConfigurationName = Release;
		};
/* End XCConfigurationList section */
	};
	rootObject = D883011A28618394009865C7 /* Project object */;
}
